// !$*UTF8*$!
{
	archiveVersion = 1;
	classes = {
	};
	objectVersion = 48;
	objects = {

/* Begin PBXBuildFile section */
		041F300B1FC5BD0100FC7E5D /* TaskListViewController.swift in Sources */ = {isa = PBXBuildFile; fileRef = 041F300A1FC5BD0100FC7E5D /* TaskListViewController.swift */; };
		041F300D1FC5BD0C00FC7E5D /* TaskAddViewController.swift in Sources */ = {isa = PBXBuildFile; fileRef = 041F300C1FC5BD0C00FC7E5D /* TaskAddViewController.swift */; };
		041F300F1FC5BD3200FC7E5D /* TodoListViewController.swift in Sources */ = {isa = PBXBuildFile; fileRef = 041F300E1FC5BD3200FC7E5D /* TodoListViewController.swift */; };
		041F30111FC5BD3B00FC7E5D /* TodoAddViewController.swift in Sources */ = {isa = PBXBuildFile; fileRef = 041F30101FC5BD3B00FC7E5D /* TodoAddViewController.swift */; };
		048D0BAC1FC5AED40048D089 /* AppDelegate.swift in Sources */ = {isa = PBXBuildFile; fileRef = 048D0BAB1FC5AED40048D089 /* AppDelegate.swift */; };
		048D0BAE1FC5AED50048D089 /* ViewController.swift in Sources */ = {isa = PBXBuildFile; fileRef = 048D0BAD1FC5AED50048D089 /* ViewController.swift */; };
		048D0BB11FC5AED50048D089 /* Main.storyboard in Resources */ = {isa = PBXBuildFile; fileRef = 048D0BAF1FC5AED50048D089 /* Main.storyboard */; };
		048D0BB31FC5AED50048D089 /* Assets.xcassets in Resources */ = {isa = PBXBuildFile; fileRef = 048D0BB21FC5AED50048D089 /* Assets.xcassets */; };
		048D0BB61FC5AED50048D089 /* LaunchScreen.storyboard in Resources */ = {isa = PBXBuildFile; fileRef = 048D0BB41FC5AED50048D089 /* LaunchScreen.storyboard */; };
		048D0BC11FC5AED50048D089 /* TaskDevTests.swift in Sources */ = {isa = PBXBuildFile; fileRef = 048D0BC01FC5AED50048D089 /* TaskDevTests.swift */; };
		048D0BCC1FC5AED50048D089 /* TaskDevUITests.swift in Sources */ = {isa = PBXBuildFile; fileRef = 048D0BCB1FC5AED50048D089 /* TaskDevUITests.swift */; };
		048D0BDC1FC5BAB80048D089 /* DataCenter.swift in Sources */ = {isa = PBXBuildFile; fileRef = 048D0BDB1FC5BAB80048D089 /* DataCenter.swift */; };
		04ABA6E51FC9A92A0056B487 /* TemplateViewController.swift in Sources */ = {isa = PBXBuildFile; fileRef = 04ABA6E41FC9A92A0056B487 /* TemplateViewController.swift */; };
/* End PBXBuildFile section */

/* Begin PBXContainerItemProxy section */
		048D0BBD1FC5AED50048D089 /* PBXContainerItemProxy */ = {
			isa = PBXContainerItemProxy;
			containerPortal = 048D0BA01FC5AED40048D089 /* Project object */;
			proxyType = 1;
			remoteGlobalIDString = 048D0BA71FC5AED40048D089;
			remoteInfo = TaskDev;
		};
		048D0BC81FC5AED50048D089 /* PBXContainerItemProxy */ = {
			isa = PBXContainerItemProxy;
			containerPortal = 048D0BA01FC5AED40048D089 /* Project object */;
			proxyType = 1;
			remoteGlobalIDString = 048D0BA71FC5AED40048D089;
			remoteInfo = TaskDev;
		};
/* End PBXContainerItemProxy section */

/* Begin PBXFileReference section */
		041F300A1FC5BD0100FC7E5D /* TaskListViewController.swift */ = {isa = PBXFileReference; lastKnownFileType = sourcecode.swift; path = TaskListViewController.swift; sourceTree = "<group>"; };
		041F300C1FC5BD0C00FC7E5D /* TaskAddViewController.swift */ = {isa = PBXFileReference; lastKnownFileType = sourcecode.swift; path = TaskAddViewController.swift; sourceTree = "<group>"; };
		041F300E1FC5BD3200FC7E5D /* TodoListViewController.swift */ = {isa = PBXFileReference; lastKnownFileType = sourcecode.swift; path = TodoListViewController.swift; sourceTree = "<group>"; };
		041F30101FC5BD3B00FC7E5D /* TodoAddViewController.swift */ = {isa = PBXFileReference; lastKnownFileType = sourcecode.swift; path = TodoAddViewController.swift; sourceTree = "<group>"; };
		048D0BA81FC5AED40048D089 /* TaskDev.app */ = {isa = PBXFileReference; explicitFileType = wrapper.application; includeInIndex = 0; path = TaskDev.app; sourceTree = BUILT_PRODUCTS_DIR; };
		048D0BAB1FC5AED40048D089 /* AppDelegate.swift */ = {isa = PBXFileReference; lastKnownFileType = sourcecode.swift; path = AppDelegate.swift; sourceTree = "<group>"; };
		048D0BAD1FC5AED50048D089 /* ViewController.swift */ = {isa = PBXFileReference; lastKnownFileType = sourcecode.swift; path = ViewController.swift; sourceTree = "<group>"; };
		048D0BB01FC5AED50048D089 /* Base */ = {isa = PBXFileReference; lastKnownFileType = file.storyboard; name = Base; path = Base.lproj/Main.storyboard; sourceTree = "<group>"; };
		048D0BB21FC5AED50048D089 /* Assets.xcassets */ = {isa = PBXFileReference; lastKnownFileType = folder.assetcatalog; path = Assets.xcassets; sourceTree = "<group>"; };
		048D0BB51FC5AED50048D089 /* Base */ = {isa = PBXFileReference; lastKnownFileType = file.storyboard; name = Base; path = Base.lproj/LaunchScreen.storyboard; sourceTree = "<group>"; };
		048D0BB71FC5AED50048D089 /* Info.plist */ = {isa = PBXFileReference; lastKnownFileType = text.plist.xml; path = Info.plist; sourceTree = "<group>"; };
		048D0BBC1FC5AED50048D089 /* TaskDevTests.xctest */ = {isa = PBXFileReference; explicitFileType = wrapper.cfbundle; includeInIndex = 0; path = TaskDevTests.xctest; sourceTree = BUILT_PRODUCTS_DIR; };
		048D0BC01FC5AED50048D089 /* TaskDevTests.swift */ = {isa = PBXFileReference; lastKnownFileType = sourcecode.swift; path = TaskDevTests.swift; sourceTree = "<group>"; };
		048D0BC21FC5AED50048D089 /* Info.plist */ = {isa = PBXFileReference; lastKnownFileType = text.plist.xml; path = Info.plist; sourceTree = "<group>"; };
		048D0BC71FC5AED50048D089 /* TaskDevUITests.xctest */ = {isa = PBXFileReference; explicitFileType = wrapper.cfbundle; includeInIndex = 0; path = TaskDevUITests.xctest; sourceTree = BUILT_PRODUCTS_DIR; };
		048D0BCB1FC5AED50048D089 /* TaskDevUITests.swift */ = {isa = PBXFileReference; lastKnownFileType = sourcecode.swift; path = TaskDevUITests.swift; sourceTree = "<group>"; };
		048D0BCD1FC5AED50048D089 /* Info.plist */ = {isa = PBXFileReference; lastKnownFileType = text.plist.xml; path = Info.plist; sourceTree = "<group>"; };
		048D0BDB1FC5BAB80048D089 /* DataCenter.swift */ = {isa = PBXFileReference; lastKnownFileType = sourcecode.swift; path = DataCenter.swift; sourceTree = "<group>"; };
		04ABA6E41FC9A92A0056B487 /* TemplateViewController.swift */ = {isa = PBXFileReference; lastKnownFileType = sourcecode.swift; path = TemplateViewController.swift; sourceTree = "<group>"; };
/* End PBXFileReference section */

/* Begin PBXFrameworksBuildPhase section */
		048D0BA51FC5AED40048D089 /* Frameworks */ = {
			isa = PBXFrameworksBuildPhase;
			buildActionMask = 2147483647;
			files = (
			);
			runOnlyForDeploymentPostprocessing = 0;
		};
		048D0BB91FC5AED50048D089 /* Frameworks */ = {
			isa = PBXFrameworksBuildPhase;
			buildActionMask = 2147483647;
			files = (
			);
			runOnlyForDeploymentPostprocessing = 0;
		};
		048D0BC41FC5AED50048D089 /* Frameworks */ = {
			isa = PBXFrameworksBuildPhase;
			buildActionMask = 2147483647;
			files = (
			);
			runOnlyForDeploymentPostprocessing = 0;
		};
/* End PBXFrameworksBuildPhase section */

/* Begin PBXGroup section */
		048D0B9F1FC5AED40048D089 = {
			isa = PBXGroup;
			children = (
				048D0BAA1FC5AED40048D089 /* TaskDev */,
				048D0BBF1FC5AED50048D089 /* TaskDevTests */,
				048D0BCA1FC5AED50048D089 /* TaskDevUITests */,
				048D0BA91FC5AED40048D089 /* Products */,
			);
			sourceTree = "<group>";
		};
		048D0BA91FC5AED40048D089 /* Products */ = {
			isa = PBXGroup;
			children = (
				048D0BA81FC5AED40048D089 /* TaskDev.app */,
				048D0BBC1FC5AED50048D089 /* TaskDevTests.xctest */,
				048D0BC71FC5AED50048D089 /* TaskDevUITests.xctest */,
			);
			name = Products;
			sourceTree = "<group>";
		};
		048D0BAA1FC5AED40048D089 /* TaskDev */ = {
			isa = PBXGroup;
			children = (
				048D0BAB1FC5AED40048D089 /* AppDelegate.swift */,
				048D0BAD1FC5AED50048D089 /* ViewController.swift */,
				048D0BDB1FC5BAB80048D089 /* DataCenter.swift */,
				048D0BAF1FC5AED50048D089 /* Main.storyboard */,
				04ABA6E41FC9A92A0056B487 /* TemplateViewController.swift */,
				041F300A1FC5BD0100FC7E5D /* TaskListViewController.swift */,
				041F300C1FC5BD0C00FC7E5D /* TaskAddViewController.swift */,
				041F300E1FC5BD3200FC7E5D /* TodoListViewController.swift */,
				041F30101FC5BD3B00FC7E5D /* TodoAddViewController.swift */,
				048D0BB21FC5AED50048D089 /* Assets.xcassets */,
				048D0BB41FC5AED50048D089 /* LaunchScreen.storyboard */,
				048D0BB71FC5AED50048D089 /* Info.plist */,
			);
			path = TaskDev;
			sourceTree = "<group>";
		};
		048D0BBF1FC5AED50048D089 /* TaskDevTests */ = {
			isa = PBXGroup;
			children = (
				048D0BC01FC5AED50048D089 /* TaskDevTests.swift */,
				048D0BC21FC5AED50048D089 /* Info.plist */,
			);
			path = TaskDevTests;
			sourceTree = "<group>";
		};
		048D0BCA1FC5AED50048D089 /* TaskDevUITests */ = {
			isa = PBXGroup;
			children = (
				048D0BCB1FC5AED50048D089 /* TaskDevUITests.swift */,
				048D0BCD1FC5AED50048D089 /* Info.plist */,
			);
			path = TaskDevUITests;
			sourceTree = "<group>";
		};
/* End PBXGroup section */

/* Begin PBXNativeTarget section */
		048D0BA71FC5AED40048D089 /* TaskDev */ = {
			isa = PBXNativeTarget;
			buildConfigurationList = 048D0BD01FC5AED50048D089 /* Build configuration list for PBXNativeTarget "TaskDev" */;
			buildPhases = (
				048D0BA41FC5AED40048D089 /* Sources */,
				048D0BA51FC5AED40048D089 /* Frameworks */,
				048D0BA61FC5AED40048D089 /* Resources */,
			);
			buildRules = (
			);
			dependencies = (
			);
			name = TaskDev;
			productName = TaskDev;
			productReference = 048D0BA81FC5AED40048D089 /* TaskDev.app */;
			productType = "com.apple.product-type.application";
		};
		048D0BBB1FC5AED50048D089 /* TaskDevTests */ = {
			isa = PBXNativeTarget;
			buildConfigurationList = 048D0BD31FC5AED50048D089 /* Build configuration list for PBXNativeTarget "TaskDevTests" */;
			buildPhases = (
				048D0BB81FC5AED50048D089 /* Sources */,
				048D0BB91FC5AED50048D089 /* Frameworks */,
				048D0BBA1FC5AED50048D089 /* Resources */,
			);
			buildRules = (
			);
			dependencies = (
				048D0BBE1FC5AED50048D089 /* PBXTargetDependency */,
			);
			name = TaskDevTests;
			productName = TaskDevTests;
			productReference = 048D0BBC1FC5AED50048D089 /* TaskDevTests.xctest */;
			productType = "com.apple.product-type.bundle.unit-test";
		};
		048D0BC61FC5AED50048D089 /* TaskDevUITests */ = {
			isa = PBXNativeTarget;
			buildConfigurationList = 048D0BD61FC5AED50048D089 /* Build configuration list for PBXNativeTarget "TaskDevUITests" */;
			buildPhases = (
				048D0BC31FC5AED50048D089 /* Sources */,
				048D0BC41FC5AED50048D089 /* Frameworks */,
				048D0BC51FC5AED50048D089 /* Resources */,
			);
			buildRules = (
			);
			dependencies = (
				048D0BC91FC5AED50048D089 /* PBXTargetDependency */,
			);
			name = TaskDevUITests;
			productName = TaskDevUITests;
			productReference = 048D0BC71FC5AED50048D089 /* TaskDevUITests.xctest */;
			productType = "com.apple.product-type.bundle.ui-testing";
		};
/* End PBXNativeTarget section */

/* Begin PBXProject section */
		048D0BA01FC5AED40048D089 /* Project object */ = {
			isa = PBXProject;
			attributes = {
				LastSwiftUpdateCheck = 0910;
				LastUpgradeCheck = 0910;
				ORGANIZATIONNAME = Mac;
				TargetAttributes = {
					048D0BA71FC5AED40048D089 = {
						CreatedOnToolsVersion = 9.1;
						ProvisioningStyle = Automatic;
					};
					048D0BBB1FC5AED50048D089 = {
						CreatedOnToolsVersion = 9.1;
						ProvisioningStyle = Automatic;
						TestTargetID = 048D0BA71FC5AED40048D089;
					};
					048D0BC61FC5AED50048D089 = {
						CreatedOnToolsVersion = 9.1;
						ProvisioningStyle = Automatic;
						TestTargetID = 048D0BA71FC5AED40048D089;
					};
				};
			};
			buildConfigurationList = 048D0BA31FC5AED40048D089 /* Build configuration list for PBXProject "TaskDev" */;
			compatibilityVersion = "Xcode 8.0";
			developmentRegion = en;
			hasScannedForEncodings = 0;
			knownRegions = (
				en,
				Base,
			);
			mainGroup = 048D0B9F1FC5AED40048D089;
			productRefGroup = 048D0BA91FC5AED40048D089 /* Products */;
			projectDirPath = "";
			projectRoot = "";
			targets = (
				048D0BA71FC5AED40048D089 /* TaskDev */,
				048D0BBB1FC5AED50048D089 /* TaskDevTests */,
				048D0BC61FC5AED50048D089 /* TaskDevUITests */,
			);
		};
/* End PBXProject section */

/* Begin PBXResourcesBuildPhase section */
		048D0BA61FC5AED40048D089 /* Resources */ = {
			isa = PBXResourcesBuildPhase;
			buildActionMask = 2147483647;
			files = (
				048D0BB61FC5AED50048D089 /* LaunchScreen.storyboard in Resources */,
				048D0BB31FC5AED50048D089 /* Assets.xcassets in Resources */,
				048D0BB11FC5AED50048D089 /* Main.storyboard in Resources */,
			);
			runOnlyForDeploymentPostprocessing = 0;
		};
		048D0BBA1FC5AED50048D089 /* Resources */ = {
			isa = PBXResourcesBuildPhase;
			buildActionMask = 2147483647;
			files = (
			);
			runOnlyForDeploymentPostprocessing = 0;
		};
		048D0BC51FC5AED50048D089 /* Resources */ = {
			isa = PBXResourcesBuildPhase;
			buildActionMask = 2147483647;
			files = (
			);
			runOnlyForDeploymentPostprocessing = 0;
		};
/* End PBXResourcesBuildPhase section */

/* Begin PBXSourcesBuildPhase section */
		048D0BA41FC5AED40048D089 /* Sources */ = {
			isa = PBXSourcesBuildPhase;
			buildActionMask = 2147483647;
			files = (
				041F300F1FC5BD3200FC7E5D /* TodoListViewController.swift in Sources */,
				048D0BAE1FC5AED50048D089 /* ViewController.swift in Sources */,
				04ABA6E51FC9A92A0056B487 /* TemplateViewController.swift in Sources */,
				041F300B1FC5BD0100FC7E5D /* TaskListViewController.swift in Sources */,
				041F30111FC5BD3B00FC7E5D /* TodoAddViewController.swift in Sources */,
				048D0BAC1FC5AED40048D089 /* AppDelegate.swift in Sources */,
				048D0BDC1FC5BAB80048D089 /* DataCenter.swift in Sources */,
				041F300D1FC5BD0C00FC7E5D /* TaskAddViewController.swift in Sources */,
			);
			runOnlyForDeploymentPostprocessing = 0;
		};
		048D0BB81FC5AED50048D089 /* Sources */ = {
			isa = PBXSourcesBuildPhase;
			buildActionMask = 2147483647;
			files = (
				048D0BC11FC5AED50048D089 /* TaskDevTests.swift in Sources */,
			);
			runOnlyForDeploymentPostprocessing = 0;
		};
		048D0BC31FC5AED50048D089 /* Sources */ = {
			isa = PBXSourcesBuildPhase;
			buildActionMask = 2147483647;
			files = (
				048D0BCC1FC5AED50048D089 /* TaskDevUITests.swift in Sources */,
			);
			runOnlyForDeploymentPostprocessing = 0;
		};
/* End PBXSourcesBuildPhase section */

/* Begin PBXTargetDependency section */
		048D0BBE1FC5AED50048D089 /* PBXTargetDependency */ = {
			isa = PBXTargetDependency;
			target = 048D0BA71FC5AED40048D089 /* TaskDev */;
			targetProxy = 048D0BBD1FC5AED50048D089 /* PBXContainerItemProxy */;
		};
		048D0BC91FC5AED50048D089 /* PBXTargetDependency */ = {
			isa = PBXTargetDependency;
			target = 048D0BA71FC5AED40048D089 /* TaskDev */;
			targetProxy = 048D0BC81FC5AED50048D089 /* PBXContainerItemProxy */;
		};
/* End PBXTargetDependency section */

/* Begin PBXVariantGroup section */
		048D0BAF1FC5AED50048D089 /* Main.storyboard */ = {
			isa = PBXVariantGroup;
			children = (
				048D0BB01FC5AED50048D089 /* Base */,
			);
			name = Main.storyboard;
			sourceTree = "<group>";
		};
		048D0BB41FC5AED50048D089 /* LaunchScreen.storyboard */ = {
			isa = PBXVariantGroup;
			children = (
				048D0BB51FC5AED50048D089 /* Base */,
			);
			name = LaunchScreen.storyboard;
			sourceTree = "<group>";
		};
/* End PBXVariantGroup section */

/* Begin XCBuildConfiguration section */
		048D0BCE1FC5AED50048D089 /* Debug */ = {
			isa = XCBuildConfiguration;
			buildSettings = {
				ALWAYS_SEARCH_USER_PATHS = NO;
				CLANG_ANALYZER_NONNULL = YES;
				CLANG_ANALYZER_NUMBER_OBJECT_CONVERSION = YES_AGGRESSIVE;
				CLANG_CXX_LANGUAGE_STANDARD = "gnu++14";
				CLANG_CXX_LIBRARY = "libc++";
				CLANG_ENABLE_MODULES = YES;
				CLANG_ENABLE_OBJC_ARC = YES;
				CLANG_WARN_BLOCK_CAPTURE_AUTORELEASING = YES;
				CLANG_WARN_BOOL_CONVERSION = YES;
				CLANG_WARN_COMMA = YES;
				CLANG_WARN_CONSTANT_CONVERSION = YES;
				CLANG_WARN_DIRECT_OBJC_ISA_USAGE = YES_ERROR;
				CLANG_WARN_DOCUMENTATION_COMMENTS = YES;
				CLANG_WARN_EMPTY_BODY = YES;
				CLANG_WARN_ENUM_CONVERSION = YES;
				CLANG_WARN_INFINITE_RECURSION = YES;
				CLANG_WARN_INT_CONVERSION = YES;
				CLANG_WARN_NON_LITERAL_NULL_CONVERSION = YES;
				CLANG_WARN_OBJC_LITERAL_CONVERSION = YES;
				CLANG_WARN_OBJC_ROOT_CLASS = YES_ERROR;
				CLANG_WARN_RANGE_LOOP_ANALYSIS = YES;
				CLANG_WARN_STRICT_PROTOTYPES = YES;
				CLANG_WARN_SUSPICIOUS_MOVE = YES;
				CLANG_WARN_UNGUARDED_AVAILABILITY = YES_AGGRESSIVE;
				CLANG_WARN_UNREACHABLE_CODE = YES;
				CLANG_WARN__DUPLICATE_METHOD_MATCH = YES;
				CODE_SIGN_IDENTITY = "iPhone Developer";
				COPY_PHASE_STRIP = NO;
				DEBUG_INFORMATION_FORMAT = dwarf;
				ENABLE_STRICT_OBJC_MSGSEND = YES;
				ENABLE_TESTABILITY = YES;
				GCC_C_LANGUAGE_STANDARD = gnu11;
				GCC_DYNAMIC_NO_PIC = NO;
				GCC_NO_COMMON_BLOCKS = YES;
				GCC_OPTIMIZATION_LEVEL = 0;
				GCC_PREPROCESSOR_DEFINITIONS = (
					"DEBUG=1",
					"$(inherited)",
				);
				GCC_WARN_64_TO_32_BIT_CONVERSION = YES;
				GCC_WARN_ABOUT_RETURN_TYPE = YES_ERROR;
				GCC_WARN_UNDECLARED_SELECTOR = YES;
				GCC_WARN_UNINITIALIZED_AUTOS = YES_AGGRESSIVE;
				GCC_WARN_UNUSED_FUNCTION = YES;
				GCC_WARN_UNUSED_VARIABLE = YES;
				IPHONEOS_DEPLOYMENT_TARGET = 11.1;
				MTL_ENABLE_DEBUG_INFO = YES;
				ONLY_ACTIVE_ARCH = YES;
				SDKROOT = iphoneos;
				SWIFT_ACTIVE_COMPILATION_CONDITIONS = DEBUG;
				SWIFT_OPTIMIZATION_LEVEL = "-Onone";
			};
			name = Debug;
		};
		048D0BCF1FC5AED50048D089 /* Release */ = {
			isa = XCBuildConfiguration;
			buildSettings = {
				ALWAYS_SEARCH_USER_PATHS = NO;
				CLANG_ANALYZER_NONNULL = YES;
				CLANG_ANALYZER_NUMBER_OBJECT_CONVERSION = YES_AGGRESSIVE;
				CLANG_CXX_LANGUAGE_STANDARD = "gnu++14";
				CLANG_CXX_LIBRARY = "libc++";
				CLANG_ENABLE_MODULES = YES;
				CLANG_ENABLE_OBJC_ARC = YES;
				CLANG_WARN_BLOCK_CAPTURE_AUTORELEASING = YES;
				CLANG_WARN_BOOL_CONVERSION = YES;
				CLANG_WARN_COMMA = YES;
				CLANG_WARN_CONSTANT_CONVERSION = YES;
				CLANG_WARN_DIRECT_OBJC_ISA_USAGE = YES_ERROR;
				CLANG_WARN_DOCUMENTATION_COMMENTS = YES;
				CLANG_WARN_EMPTY_BODY = YES;
				CLANG_WARN_ENUM_CONVERSION = YES;
				CLANG_WARN_INFINITE_RECURSION = YES;
				CLANG_WARN_INT_CONVERSION = YES;
				CLANG_WARN_NON_LITERAL_NULL_CONVERSION = YES;
				CLANG_WARN_OBJC_LITERAL_CONVERSION = YES;
				CLANG_WARN_OBJC_ROOT_CLASS = YES_ERROR;
				CLANG_WARN_RANGE_LOOP_ANALYSIS = YES;
				CLANG_WARN_STRICT_PROTOTYPES = YES;
				CLANG_WARN_SUSPICIOUS_MOVE = YES;
				CLANG_WARN_UNGUARDED_AVAILABILITY = YES_AGGRESSIVE;
				CLANG_WARN_UNREACHABLE_CODE = YES;
				CLANG_WARN__DUPLICATE_METHOD_MATCH = YES;
				CODE_SIGN_IDENTITY = "iPhone Developer";
				COPY_PHASE_STRIP = NO;
				DEBUG_INFORMATION_FORMAT = "dwarf-with-dsym";
				ENABLE_NS_ASSERTIONS = NO;
				ENABLE_STRICT_OBJC_MSGSEND = YES;
				GCC_C_LANGUAGE_STANDARD = gnu11;
				GCC_NO_COMMON_BLOCKS = YES;
				GCC_WARN_64_TO_32_BIT_CONVERSION = YES;
				GCC_WARN_ABOUT_RETURN_TYPE = YES_ERROR;
				GCC_WARN_UNDECLARED_SELECTOR = YES;
				GCC_WARN_UNINITIALIZED_AUTOS = YES_AGGRESSIVE;
				GCC_WARN_UNUSED_FUNCTION = YES;
				GCC_WARN_UNUSED_VARIABLE = YES;
				IPHONEOS_DEPLOYMENT_TARGET = 11.1;
				MTL_ENABLE_DEBUG_INFO = NO;
				SDKROOT = iphoneos;
				SWIFT_OPTIMIZATION_LEVEL = "-Owholemodule";
				VALIDATE_PRODUCT = YES;
			};
			name = Release;
		};
		048D0BD11FC5AED50048D089 /* Debug */ = {
			isa = XCBuildConfiguration;
			buildSettings = {
				ASSETCATALOG_COMPILER_APPICON_NAME = AppIcon;
				CODE_SIGN_STYLE = Automatic;
				DEVELOPMENT_TEAM = W26J3KXYNK;
				INFOPLIST_FILE = TaskDev/Info.plist;
				LD_RUNPATH_SEARCH_PATHS = "$(inherited) @executable_path/Frameworks";
				PRODUCT_BUNDLE_IDENTIFIER = Hello.TaskDev;
				PRODUCT_NAME = "$(TARGET_NAME)";
				SWIFT_VERSION = 4.0;
				TARGETED_DEVICE_FAMILY = "1,2";
			};
			name = Debug;
		};
		048D0BD21FC5AED50048D089 /* Release */ = {
			isa = XCBuildConfiguration;
			buildSettings = {
				ASSETCATALOG_COMPILER_APPICON_NAME = AppIcon;
				CODE_SIGN_STYLE = Automatic;
				DEVELOPMENT_TEAM = W26J3KXYNK;
				INFOPLIST_FILE = TaskDev/Info.plist;
				LD_RUNPATH_SEARCH_PATHS = "$(inherited) @executable_path/Frameworks";
				PRODUCT_BUNDLE_IDENTIFIER = Hello.TaskDev;
				PRODUCT_NAME = "$(TARGET_NAME)";
				SWIFT_VERSION = 4.0;
				TARGETED_DEVICE_FAMILY = "1,2";
			};
			name = Release;
		};
		048D0BD41FC5AED50048D089 /* Debug */ = {
			isa = XCBuildConfiguration;
			buildSettings = {
				ALWAYS_EMBED_SWIFT_STANDARD_LIBRARIES = YES;
				BUNDLE_LOADER = "$(TEST_HOST)";
				CODE_SIGN_STYLE = Automatic;
				INFOPLIST_FILE = TaskDevTests/Info.plist;
				LD_RUNPATH_SEARCH_PATHS = "$(inherited) @executable_path/Frameworks @loader_path/Frameworks";
				PRODUCT_BUNDLE_IDENTIFIER = Hello.TaskDevTests;
				PRODUCT_NAME = "$(TARGET_NAME)";
				SWIFT_VERSION = 4.0;
				TARGETED_DEVICE_FAMILY = "1,2";
				TEST_HOST = "$(BUILT_PRODUCTS_DIR)/TaskDev.app/TaskDev";
			};
			name = Debug;
		};
		048D0BD51FC5AED50048D089 /* Release */ = {
			isa = XCBuildConfiguration;
			buildSettings = {
				ALWAYS_EMBED_SWIFT_STANDARD_LIBRARIES = YES;
				BUNDLE_LOADER = "$(TEST_HOST)";
				CODE_SIGN_STYLE = Automatic;
				INFOPLIST_FILE = TaskDevTests/Info.plist;
				LD_RUNPATH_SEARCH_PATHS = "$(inherited) @executable_path/Frameworks @loader_path/Frameworks";
				PRODUCT_BUNDLE_IDENTIFIER = Hello.TaskDevTests;
				PRODUCT_NAME = "$(TARGET_NAME)";
				SWIFT_VERSION = 4.0;
				TARGETED_DEVICE_FAMILY = "1,2";
				TEST_HOST = "$(BUILT_PRODUCTS_DIR)/TaskDev.app/TaskDev";
			};
			name = Release;
		};
		048D0BD71FC5AED50048D089 /* Debug */ = {
			isa = XCBuildConfiguration;
			buildSettings = {
				ALWAYS_EMBED_SWIFT_STANDARD_LIBRARIES = YES;
				CODE_SIGN_STYLE = Automatic;
				INFOPLIST_FILE = TaskDevUITests/Info.plist;
				LD_RUNPATH_SEARCH_PATHS = "$(inherited) @executable_path/Frameworks @loader_path/Frameworks";
				PRODUCT_BUNDLE_IDENTIFIER = Hello.TaskDevUITests;
				PRODUCT_NAME = "$(TARGET_NAME)";
				SWIFT_VERSION = 4.0;
				TARGETED_DEVICE_FAMILY = "1,2";
				TEST_TARGET_NAME = TaskDev;
			};
			name = Debug;
		};
		048D0BD81FC5AED50048D089 /* Release */ = {
			isa = XCBuildConfiguration;
			buildSettings = {
				ALWAYS_EMBED_SWIFT_STANDARD_LIBRARIES = YES;
				CODE_SIGN_STYLE = Automatic;
				INFOPLIST_FILE = TaskDevUITests/Info.plist;
				LD_RUNPATH_SEARCH_PATHS = "$(inherited) @executable_path/Frameworks @loader_path/Frameworks";
				PRODUCT_BUNDLE_IDENTIFIER = Hello.TaskDevUITests;
				PRODUCT_NAME = "$(TARGET_NAME)";
				SWIFT_VERSION = 4.0;
				TARGETED_DEVICE_FAMILY = "1,2";
				TEST_TARGET_NAME = TaskDev;
			};
			name = Release;
		};
/* End XCBuildConfiguration section */

/* Begin XCConfigurationList section */
		048D0BA31FC5AED40048D089 /* Build configuration list for PBXProject "TaskDev" */ = {
			isa = XCConfigurationList;
			buildConfigurations = (
				048D0BCE1FC5AED50048D089 /* Debug */,
				048D0BCF1FC5AED50048D089 /* Release */,
			);
			defaultConfigurationIsVisible = 0;
			defaultConfigurationName = Release;
		};
		048D0BD01FC5AED50048D089 /* Build configuration list for PBXNativeTarget "TaskDev" */ = {
			isa = XCConfigurationList;
			buildConfigurations = (
				048D0BD11FC5AED50048D089 /* Debug */,
				048D0BD21FC5AED50048D089 /* Release */,
			);
			defaultConfigurationIsVisible = 0;
			defaultConfigurationName = Release;
		};
		048D0BD31FC5AED50048D089 /* Build configuration list for PBXNativeTarget "TaskDevTests" */ = {
			isa = XCConfigurationList;
			buildConfigurations = (
				048D0BD41FC5AED50048D089 /* Debug */,
				048D0BD51FC5AED50048D089 /* Release */,
			);
			defaultConfigurationIsVisible = 0;
			defaultConfigurationName = Release;
		};
		048D0BD61FC5AED50048D089 /* Build configuration list for PBXNativeTarget "TaskDevUITests" */ = {
			isa = XCConfigurationList;
			buildConfigurations = (
				048D0BD71FC5AED50048D089 /* Debug */,
				048D0BD81FC5AED50048D089 /* Release */,
			);
			defaultConfigurationIsVisible = 0;
			defaultConfigurationName = Release;
		};
/* End XCConfigurationList section */
	};
	rootObject = 048D0BA01FC5AED40048D089 /* Project object */;
}
