// !$*UTF8*$!
{
	archiveVersion = 1;
	classes = {
	};
	objectVersion = 48;
	objects = {

/* Begin PBXBuildFile section */
		0421994E1FB6F4300067251A /* FeatureAddViewController.swift in Sources */ = {isa = PBXBuildFile; fileRef = 0421994D1FB6F4300067251A /* FeatureAddViewController.swift */; };
		045930A71FB6F60B00499335 /* TaskAddViewController.swift in Sources */ = {isa = PBXBuildFile; fileRef = 045930A61FB6F60B00499335 /* TaskAddViewController.swift */; };
		045930A91FB6F69300499335 /* TodoAddViewController.swift in Sources */ = {isa = PBXBuildFile; fileRef = 045930A81FB6F69300499335 /* TodoAddViewController.swift */; };
		04F2F2531FB6C00400F95262 /* AppDelegate.swift in Sources */ = {isa = PBXBuildFile; fileRef = 04F2F2521FB6C00400F95262 /* AppDelegate.swift */; };
		04F2F2551FB6C00400F95262 /* ViewController.swift in Sources */ = {isa = PBXBuildFile; fileRef = 04F2F2541FB6C00400F95262 /* ViewController.swift */; };
		04F2F2581FB6C00400F95262 /* Main.storyboard in Resources */ = {isa = PBXBuildFile; fileRef = 04F2F2561FB6C00400F95262 /* Main.storyboard */; };
		04F2F25A1FB6C00400F95262 /* Assets.xcassets in Resources */ = {isa = PBXBuildFile; fileRef = 04F2F2591FB6C00400F95262 /* Assets.xcassets */; };
		04F2F25D1FB6C00400F95262 /* LaunchScreen.storyboard in Resources */ = {isa = PBXBuildFile; fileRef = 04F2F25B1FB6C00400F95262 /* LaunchScreen.storyboard */; };
		04F2F2681FB6C00400F95262 /* TaskDevTests.swift in Sources */ = {isa = PBXBuildFile; fileRef = 04F2F2671FB6C00400F95262 /* TaskDevTests.swift */; };
		04F2F2731FB6C00400F95262 /* TaskDevUITests.swift in Sources */ = {isa = PBXBuildFile; fileRef = 04F2F2721FB6C00400F95262 /* TaskDevUITests.swift */; };
		04F2F2891FB6C74E00F95262 /* DataCenter.swift in Sources */ = {isa = PBXBuildFile; fileRef = 04F2F2881FB6C74E00F95262 /* DataCenter.swift */; };
		04F2F28B1FB6D1E900F95262 /* TaskListViewController.swift in Sources */ = {isa = PBXBuildFile; fileRef = 04F2F28A1FB6D1E900F95262 /* TaskListViewController.swift */; };
		04F2F28D1FB6D1F400F95262 /* FeatureListViewController.swift in Sources */ = {isa = PBXBuildFile; fileRef = 04F2F28C1FB6D1F400F95262 /* FeatureListViewController.swift */; };
		04F2F28F1FB6D20200F95262 /* TodoListViewController.swift in Sources */ = {isa = PBXBuildFile; fileRef = 04F2F28E1FB6D20200F95262 /* TodoListViewController.swift */; };
/* End PBXBuildFile section */

/* Begin PBXContainerItemProxy section */
		04F2F2641FB6C00400F95262 /* PBXContainerItemProxy */ = {
			isa = PBXContainerItemProxy;
			containerPortal = 04F2F2471FB6C00400F95262 /* Project object */;
			proxyType = 1;
			remoteGlobalIDString = 04F2F24E1FB6C00400F95262;
			remoteInfo = TaskDev;
		};
		04F2F26F1FB6C00400F95262 /* PBXContainerItemProxy */ = {
			isa = PBXContainerItemProxy;
			containerPortal = 04F2F2471FB6C00400F95262 /* Project object */;
			proxyType = 1;
			remoteGlobalIDString = 04F2F24E1FB6C00400F95262;
			remoteInfo = TaskDev;
		};
/* End PBXContainerItemProxy section */

/* Begin PBXFileReference section */
		0421994D1FB6F4300067251A /* FeatureAddViewController.swift */ = {isa = PBXFileReference; lastKnownFileType = sourcecode.swift; path = FeatureAddViewController.swift; sourceTree = "<group>"; };
		045930A61FB6F60B00499335 /* TaskAddViewController.swift */ = {isa = PBXFileReference; lastKnownFileType = sourcecode.swift; path = TaskAddViewController.swift; sourceTree = "<group>"; };
		045930A81FB6F69300499335 /* TodoAddViewController.swift */ = {isa = PBXFileReference; lastKnownFileType = sourcecode.swift; path = TodoAddViewController.swift; sourceTree = "<group>"; };
		04F2F24F1FB6C00400F95262 /* TaskDev.app */ = {isa = PBXFileReference; explicitFileType = wrapper.application; includeInIndex = 0; path = TaskDev.app; sourceTree = BUILT_PRODUCTS_DIR; };
		04F2F2521FB6C00400F95262 /* AppDelegate.swift */ = {isa = PBXFileReference; lastKnownFileType = sourcecode.swift; path = AppDelegate.swift; sourceTree = "<group>"; };
		04F2F2541FB6C00400F95262 /* ViewController.swift */ = {isa = PBXFileReference; lastKnownFileType = sourcecode.swift; path = ViewController.swift; sourceTree = "<group>"; };
		04F2F2571FB6C00400F95262 /* Base */ = {isa = PBXFileReference; lastKnownFileType = file.storyboard; name = Base; path = Base.lproj/Main.storyboard; sourceTree = "<group>"; };
		04F2F2591FB6C00400F95262 /* Assets.xcassets */ = {isa = PBXFileReference; lastKnownFileType = folder.assetcatalog; path = Assets.xcassets; sourceTree = "<group>"; };
		04F2F25C1FB6C00400F95262 /* Base */ = {isa = PBXFileReference; lastKnownFileType = file.storyboard; name = Base; path = Base.lproj/LaunchScreen.storyboard; sourceTree = "<group>"; };
		04F2F25E1FB6C00400F95262 /* Info.plist */ = {isa = PBXFileReference; lastKnownFileType = text.plist.xml; path = Info.plist; sourceTree = "<group>"; };
		04F2F2631FB6C00400F95262 /* TaskDevTests.xctest */ = {isa = PBXFileReference; explicitFileType = wrapper.cfbundle; includeInIndex = 0; path = TaskDevTests.xctest; sourceTree = BUILT_PRODUCTS_DIR; };
		04F2F2671FB6C00400F95262 /* TaskDevTests.swift */ = {isa = PBXFileReference; lastKnownFileType = sourcecode.swift; path = TaskDevTests.swift; sourceTree = "<group>"; };
		04F2F2691FB6C00400F95262 /* Info.plist */ = {isa = PBXFileReference; lastKnownFileType = text.plist.xml; path = Info.plist; sourceTree = "<group>"; };
		04F2F26E1FB6C00400F95262 /* TaskDevUITests.xctest */ = {isa = PBXFileReference; explicitFileType = wrapper.cfbundle; includeInIndex = 0; path = TaskDevUITests.xctest; sourceTree = BUILT_PRODUCTS_DIR; };
		04F2F2721FB6C00400F95262 /* TaskDevUITests.swift */ = {isa = PBXFileReference; lastKnownFileType = sourcecode.swift; path = TaskDevUITests.swift; sourceTree = "<group>"; };
		04F2F2741FB6C00400F95262 /* Info.plist */ = {isa = PBXFileReference; lastKnownFileType = text.plist.xml; path = Info.plist; sourceTree = "<group>"; };
		04F2F2881FB6C74E00F95262 /* DataCenter.swift */ = {isa = PBXFileReference; lastKnownFileType = sourcecode.swift; path = DataCenter.swift; sourceTree = "<group>"; };
		04F2F28A1FB6D1E900F95262 /* TaskListViewController.swift */ = {isa = PBXFileReference; lastKnownFileType = sourcecode.swift; path = TaskListViewController.swift; sourceTree = "<group>"; };
		04F2F28C1FB6D1F400F95262 /* FeatureListViewController.swift */ = {isa = PBXFileReference; lastKnownFileType = sourcecode.swift; path = FeatureListViewController.swift; sourceTree = "<group>"; };
		04F2F28E1FB6D20200F95262 /* TodoListViewController.swift */ = {isa = PBXFileReference; lastKnownFileType = sourcecode.swift; path = TodoListViewController.swift; sourceTree = "<group>"; };
/* End PBXFileReference section */

/* Begin PBXFrameworksBuildPhase section */
		04F2F24C1FB6C00400F95262 /* Frameworks */ = {
			isa = PBXFrameworksBuildPhase;
			buildActionMask = 2147483647;
			files = (
			);
			runOnlyForDeploymentPostprocessing = 0;
		};
		04F2F2601FB6C00400F95262 /* Frameworks */ = {
			isa = PBXFrameworksBuildPhase;
			buildActionMask = 2147483647;
			files = (
			);
			runOnlyForDeploymentPostprocessing = 0;
		};
		04F2F26B1FB6C00400F95262 /* Frameworks */ = {
			isa = PBXFrameworksBuildPhase;
			buildActionMask = 2147483647;
			files = (
			);
			runOnlyForDeploymentPostprocessing = 0;
		};
/* End PBXFrameworksBuildPhase section */

/* Begin PBXGroup section */
		04F2F2461FB6C00400F95262 = {
			isa = PBXGroup;
			children = (
				04F2F2511FB6C00400F95262 /* TaskDev */,
				04F2F2661FB6C00400F95262 /* TaskDevTests */,
				04F2F2711FB6C00400F95262 /* TaskDevUITests */,
				04F2F2501FB6C00400F95262 /* Products */,
			);
			sourceTree = "<group>";
		};
		04F2F2501FB6C00400F95262 /* Products */ = {
			isa = PBXGroup;
			children = (
				04F2F24F1FB6C00400F95262 /* TaskDev.app */,
				04F2F2631FB6C00400F95262 /* TaskDevTests.xctest */,
				04F2F26E1FB6C00400F95262 /* TaskDevUITests.xctest */,
			);
			name = Products;
			sourceTree = "<group>";
		};
		04F2F2511FB6C00400F95262 /* TaskDev */ = {
			isa = PBXGroup;
			children = (
				04F2F2521FB6C00400F95262 /* AppDelegate.swift */,
				04F2F2541FB6C00400F95262 /* ViewController.swift */,
				04F2F2561FB6C00400F95262 /* Main.storyboard */,
				04F2F2881FB6C74E00F95262 /* DataCenter.swift */,
				04F2F28C1FB6D1F400F95262 /* FeatureListViewController.swift */,
				0421994D1FB6F4300067251A /* FeatureAddViewController.swift */,
				04F2F28A1FB6D1E900F95262 /* TaskListViewController.swift */,
				045930A61FB6F60B00499335 /* TaskAddViewController.swift */,
				04F2F28E1FB6D20200F95262 /* TodoListViewController.swift */,
				045930A81FB6F69300499335 /* TodoAddViewController.swift */,
				04F2F2591FB6C00400F95262 /* Assets.xcassets */,
				04F2F25B1FB6C00400F95262 /* LaunchScreen.storyboard */,
				04F2F25E1FB6C00400F95262 /* Info.plist */,
			);
			path = TaskDev;
			sourceTree = "<group>";
		};
		04F2F2661FB6C00400F95262 /* TaskDevTests */ = {
			isa = PBXGroup;
			children = (
				04F2F2671FB6C00400F95262 /* TaskDevTests.swift */,
				04F2F2691FB6C00400F95262 /* Info.plist */,
			);
			path = TaskDevTests;
			sourceTree = "<group>";
		};
		04F2F2711FB6C00400F95262 /* TaskDevUITests */ = {
			isa = PBXGroup;
			children = (
				04F2F2721FB6C00400F95262 /* TaskDevUITests.swift */,
				04F2F2741FB6C00400F95262 /* Info.plist */,
			);
			path = TaskDevUITests;
			sourceTree = "<group>";
		};
/* End PBXGroup section */

/* Begin PBXNativeTarget section */
		04F2F24E1FB6C00400F95262 /* TaskDev */ = {
			isa = PBXNativeTarget;
			buildConfigurationList = 04F2F2771FB6C00400F95262 /* Build configuration list for PBXNativeTarget "TaskDev" */;
			buildPhases = (
				04F2F24B1FB6C00400F95262 /* Sources */,
				04F2F24C1FB6C00400F95262 /* Frameworks */,
				04F2F24D1FB6C00400F95262 /* Resources */,
			);
			buildRules = (
			);
			dependencies = (
			);
			name = TaskDev;
			productName = TaskDev;
			productReference = 04F2F24F1FB6C00400F95262 /* TaskDev.app */;
			productType = "com.apple.product-type.application";
		};
		04F2F2621FB6C00400F95262 /* TaskDevTests */ = {
			isa = PBXNativeTarget;
			buildConfigurationList = 04F2F27A1FB6C00400F95262 /* Build configuration list for PBXNativeTarget "TaskDevTests" */;
			buildPhases = (
				04F2F25F1FB6C00400F95262 /* Sources */,
				04F2F2601FB6C00400F95262 /* Frameworks */,
				04F2F2611FB6C00400F95262 /* Resources */,
			);
			buildRules = (
			);
			dependencies = (
				04F2F2651FB6C00400F95262 /* PBXTargetDependency */,
			);
			name = TaskDevTests;
			productName = TaskDevTests;
			productReference = 04F2F2631FB6C00400F95262 /* TaskDevTests.xctest */;
			productType = "com.apple.product-type.bundle.unit-test";
		};
		04F2F26D1FB6C00400F95262 /* TaskDevUITests */ = {
			isa = PBXNativeTarget;
			buildConfigurationList = 04F2F27D1FB6C00400F95262 /* Build configuration list for PBXNativeTarget "TaskDevUITests" */;
			buildPhases = (
				04F2F26A1FB6C00400F95262 /* Sources */,
				04F2F26B1FB6C00400F95262 /* Frameworks */,
				04F2F26C1FB6C00400F95262 /* Resources */,
			);
			buildRules = (
			);
			dependencies = (
				04F2F2701FB6C00400F95262 /* PBXTargetDependency */,
			);
			name = TaskDevUITests;
			productName = TaskDevUITests;
			productReference = 04F2F26E1FB6C00400F95262 /* TaskDevUITests.xctest */;
			productType = "com.apple.product-type.bundle.ui-testing";
		};
/* End PBXNativeTarget section */

/* Begin PBXProject section */
		04F2F2471FB6C00400F95262 /* Project object */ = {
			isa = PBXProject;
			attributes = {
				LastSwiftUpdateCheck = 0910;
				LastUpgradeCheck = 0910;
				ORGANIZATIONNAME = Mac;
				TargetAttributes = {
					04F2F24E1FB6C00400F95262 = {
						CreatedOnToolsVersion = 9.1;
						ProvisioningStyle = Automatic;
					};
					04F2F2621FB6C00400F95262 = {
						CreatedOnToolsVersion = 9.1;
						ProvisioningStyle = Automatic;
						TestTargetID = 04F2F24E1FB6C00400F95262;
					};
					04F2F26D1FB6C00400F95262 = {
						CreatedOnToolsVersion = 9.1;
						ProvisioningStyle = Automatic;
						TestTargetID = 04F2F24E1FB6C00400F95262;
					};
				};
			};
			buildConfigurationList = 04F2F24A1FB6C00400F95262 /* Build configuration list for PBXProject "TaskDev" */;
			compatibilityVersion = "Xcode 8.0";
			developmentRegion = en;
			hasScannedForEncodings = 0;
			knownRegions = (
				en,
				Base,
			);
			mainGroup = 04F2F2461FB6C00400F95262;
			productRefGroup = 04F2F2501FB6C00400F95262 /* Products */;
			projectDirPath = "";
			projectRoot = "";
			targets = (
				04F2F24E1FB6C00400F95262 /* TaskDev */,
				04F2F2621FB6C00400F95262 /* TaskDevTests */,
				04F2F26D1FB6C00400F95262 /* TaskDevUITests */,
			);
		};
/* End PBXProject section */

/* Begin PBXResourcesBuildPhase section */
		04F2F24D1FB6C00400F95262 /* Resources */ = {
			isa = PBXResourcesBuildPhase;
			buildActionMask = 2147483647;
			files = (
				04F2F25D1FB6C00400F95262 /* LaunchScreen.storyboard in Resources */,
				04F2F25A1FB6C00400F95262 /* Assets.xcassets in Resources */,
				04F2F2581FB6C00400F95262 /* Main.storyboard in Resources */,
			);
			runOnlyForDeploymentPostprocessing = 0;
		};
		04F2F2611FB6C00400F95262 /* Resources */ = {
			isa = PBXResourcesBuildPhase;
			buildActionMask = 2147483647;
			files = (
			);
			runOnlyForDeploymentPostprocessing = 0;
		};
		04F2F26C1FB6C00400F95262 /* Resources */ = {
			isa = PBXResourcesBuildPhase;
			buildActionMask = 2147483647;
			files = (
			);
			runOnlyForDeploymentPostprocessing = 0;
		};
/* End PBXResourcesBuildPhase section */

/* Begin PBXSourcesBuildPhase section */
		04F2F24B1FB6C00400F95262 /* Sources */ = {
			isa = PBXSourcesBuildPhase;
			buildActionMask = 2147483647;
			files = (
				04F2F28F1FB6D20200F95262 /* TodoListViewController.swift in Sources */,
				045930A71FB6F60B00499335 /* TaskAddViewController.swift in Sources */,
				04F2F28D1FB6D1F400F95262 /* FeatureListViewController.swift in Sources */,
				0421994E1FB6F4300067251A /* FeatureAddViewController.swift in Sources */,
				04F2F2551FB6C00400F95262 /* ViewController.swift in Sources */,
				04F2F2891FB6C74E00F95262 /* DataCenter.swift in Sources */,
				045930A91FB6F69300499335 /* TodoAddViewController.swift in Sources */,
				04F2F2531FB6C00400F95262 /* AppDelegate.swift in Sources */,
				04F2F28B1FB6D1E900F95262 /* TaskListViewController.swift in Sources */,
			);
			runOnlyForDeploymentPostprocessing = 0;
		};
		04F2F25F1FB6C00400F95262 /* Sources */ = {
			isa = PBXSourcesBuildPhase;
			buildActionMask = 2147483647;
			files = (
				04F2F2681FB6C00400F95262 /* TaskDevTests.swift in Sources */,
			);
			runOnlyForDeploymentPostprocessing = 0;
		};
		04F2F26A1FB6C00400F95262 /* Sources */ = {
			isa = PBXSourcesBuildPhase;
			buildActionMask = 2147483647;
			files = (
				04F2F2731FB6C00400F95262 /* TaskDevUITests.swift in Sources */,
			);
			runOnlyForDeploymentPostprocessing = 0;
		};
/* End PBXSourcesBuildPhase section */

/* Begin PBXTargetDependency section */
		04F2F2651FB6C00400F95262 /* PBXTargetDependency */ = {
			isa = PBXTargetDependency;
			target = 04F2F24E1FB6C00400F95262 /* TaskDev */;
			targetProxy = 04F2F2641FB6C00400F95262 /* PBXContainerItemProxy */;
		};
		04F2F2701FB6C00400F95262 /* PBXTargetDependency */ = {
			isa = PBXTargetDependency;
			target = 04F2F24E1FB6C00400F95262 /* TaskDev */;
			targetProxy = 04F2F26F1FB6C00400F95262 /* PBXContainerItemProxy */;
		};
/* End PBXTargetDependency section */

/* Begin PBXVariantGroup section */
		04F2F2561FB6C00400F95262 /* Main.storyboard */ = {
			isa = PBXVariantGroup;
			children = (
				04F2F2571FB6C00400F95262 /* Base */,
			);
			name = Main.storyboard;
			sourceTree = "<group>";
		};
		04F2F25B1FB6C00400F95262 /* LaunchScreen.storyboard */ = {
			isa = PBXVariantGroup;
			children = (
				04F2F25C1FB6C00400F95262 /* Base */,
			);
			name = LaunchScreen.storyboard;
			sourceTree = "<group>";
		};
/* End PBXVariantGroup section */

/* Begin XCBuildConfiguration section */
		04F2F2751FB6C00400F95262 /* Debug */ = {
			isa = XCBuildConfiguration;
			buildSettings = {
				ALWAYS_SEARCH_USER_PATHS = NO;
				CLANG_ANALYZER_NONNULL = YES;
				CLANG_ANALYZER_NUMBER_OBJECT_CONVERSION = YES_AGGRESSIVE;
				CLANG_CXX_LANGUAGE_STANDARD = "gnu++14";
				CLANG_CXX_LIBRARY = "libc++";
				CLANG_ENABLE_MODULES = YES;
				CLANG_ENABLE_OBJC_ARC = YES;
				CLANG_WARN_BLOCK_CAPTURE_AUTORELEASING = YES;
				CLANG_WARN_BOOL_CONVERSION = YES;
				CLANG_WARN_COMMA = YES;
				CLANG_WARN_CONSTANT_CONVERSION = YES;
				CLANG_WARN_DIRECT_OBJC_ISA_USAGE = YES_ERROR;
				CLANG_WARN_DOCUMENTATION_COMMENTS = YES;
				CLANG_WARN_EMPTY_BODY = YES;
				CLANG_WARN_ENUM_CONVERSION = YES;
				CLANG_WARN_INFINITE_RECURSION = YES;
				CLANG_WARN_INT_CONVERSION = YES;
				CLANG_WARN_NON_LITERAL_NULL_CONVERSION = YES;
				CLANG_WARN_OBJC_LITERAL_CONVERSION = YES;
				CLANG_WARN_OBJC_ROOT_CLASS = YES_ERROR;
				CLANG_WARN_RANGE_LOOP_ANALYSIS = YES;
				CLANG_WARN_STRICT_PROTOTYPES = YES;
				CLANG_WARN_SUSPICIOUS_MOVE = YES;
				CLANG_WARN_UNGUARDED_AVAILABILITY = YES_AGGRESSIVE;
				CLANG_WARN_UNREACHABLE_CODE = YES;
				CLANG_WARN__DUPLICATE_METHOD_MATCH = YES;
				CODE_SIGN_IDENTITY = "iPhone Developer";
				COPY_PHASE_STRIP = NO;
				DEBUG_INFORMATION_FORMAT = dwarf;
				ENABLE_STRICT_OBJC_MSGSEND = YES;
				ENABLE_TESTABILITY = YES;
				GCC_C_LANGUAGE_STANDARD = gnu11;
				GCC_DYNAMIC_NO_PIC = NO;
				GCC_NO_COMMON_BLOCKS = YES;
				GCC_OPTIMIZATION_LEVEL = 0;
				GCC_PREPROCESSOR_DEFINITIONS = (
					"DEBUG=1",
					"$(inherited)",
				);
				GCC_WARN_64_TO_32_BIT_CONVERSION = YES;
				GCC_WARN_ABOUT_RETURN_TYPE = YES_ERROR;
				GCC_WARN_UNDECLARED_SELECTOR = YES;
				GCC_WARN_UNINITIALIZED_AUTOS = YES_AGGRESSIVE;
				GCC_WARN_UNUSED_FUNCTION = YES;
				GCC_WARN_UNUSED_VARIABLE = YES;
				IPHONEOS_DEPLOYMENT_TARGET = 11.1;
				MTL_ENABLE_DEBUG_INFO = YES;
				ONLY_ACTIVE_ARCH = YES;
				SDKROOT = iphoneos;
				SWIFT_ACTIVE_COMPILATION_CONDITIONS = DEBUG;
				SWIFT_OPTIMIZATION_LEVEL = "-Onone";
			};
			name = Debug;
		};
		04F2F2761FB6C00400F95262 /* Release */ = {
			isa = XCBuildConfiguration;
			buildSettings = {
				ALWAYS_SEARCH_USER_PATHS = NO;
				CLANG_ANALYZER_NONNULL = YES;
				CLANG_ANALYZER_NUMBER_OBJECT_CONVERSION = YES_AGGRESSIVE;
				CLANG_CXX_LANGUAGE_STANDARD = "gnu++14";
				CLANG_CXX_LIBRARY = "libc++";
				CLANG_ENABLE_MODULES = YES;
				CLANG_ENABLE_OBJC_ARC = YES;
				CLANG_WARN_BLOCK_CAPTURE_AUTORELEASING = YES;
				CLANG_WARN_BOOL_CONVERSION = YES;
				CLANG_WARN_COMMA = YES;
				CLANG_WARN_CONSTANT_CONVERSION = YES;
				CLANG_WARN_DIRECT_OBJC_ISA_USAGE = YES_ERROR;
				CLANG_WARN_DOCUMENTATION_COMMENTS = YES;
				CLANG_WARN_EMPTY_BODY = YES;
				CLANG_WARN_ENUM_CONVERSION = YES;
				CLANG_WARN_INFINITE_RECURSION = YES;
				CLANG_WARN_INT_CONVERSION = YES;
				CLANG_WARN_NON_LITERAL_NULL_CONVERSION = YES;
				CLANG_WARN_OBJC_LITERAL_CONVERSION = YES;
				CLANG_WARN_OBJC_ROOT_CLASS = YES_ERROR;
				CLANG_WARN_RANGE_LOOP_ANALYSIS = YES;
				CLANG_WARN_STRICT_PROTOTYPES = YES;
				CLANG_WARN_SUSPICIOUS_MOVE = YES;
				CLANG_WARN_UNGUARDED_AVAILABILITY = YES_AGGRESSIVE;
				CLANG_WARN_UNREACHABLE_CODE = YES;
				CLANG_WARN__DUPLICATE_METHOD_MATCH = YES;
				CODE_SIGN_IDENTITY = "iPhone Developer";
				COPY_PHASE_STRIP = NO;
				DEBUG_INFORMATION_FORMAT = "dwarf-with-dsym";
				ENABLE_NS_ASSERTIONS = NO;
				ENABLE_STRICT_OBJC_MSGSEND = YES;
				GCC_C_LANGUAGE_STANDARD = gnu11;
				GCC_NO_COMMON_BLOCKS = YES;
				GCC_WARN_64_TO_32_BIT_CONVERSION = YES;
				GCC_WARN_ABOUT_RETURN_TYPE = YES_ERROR;
				GCC_WARN_UNDECLARED_SELECTOR = YES;
				GCC_WARN_UNINITIALIZED_AUTOS = YES_AGGRESSIVE;
				GCC_WARN_UNUSED_FUNCTION = YES;
				GCC_WARN_UNUSED_VARIABLE = YES;
				IPHONEOS_DEPLOYMENT_TARGET = 11.1;
				MTL_ENABLE_DEBUG_INFO = NO;
				SDKROOT = iphoneos;
				SWIFT_OPTIMIZATION_LEVEL = "-Owholemodule";
				VALIDATE_PRODUCT = YES;
			};
			name = Release;
		};
		04F2F2781FB6C00400F95262 /* Debug */ = {
			isa = XCBuildConfiguration;
			buildSettings = {
				ASSETCATALOG_COMPILER_APPICON_NAME = AppIcon;
				CODE_SIGN_STYLE = Automatic;
				INFOPLIST_FILE = TaskDev/Info.plist;
				LD_RUNPATH_SEARCH_PATHS = "$(inherited) @executable_path/Frameworks";
				PRODUCT_BUNDLE_IDENTIFIER = Hello.TaskDev;
				PRODUCT_NAME = "$(TARGET_NAME)";
				SWIFT_VERSION = 4.0;
				TARGETED_DEVICE_FAMILY = "1,2";
			};
			name = Debug;
		};
		04F2F2791FB6C00400F95262 /* Release */ = {
			isa = XCBuildConfiguration;
			buildSettings = {
				ASSETCATALOG_COMPILER_APPICON_NAME = AppIcon;
				CODE_SIGN_STYLE = Automatic;
				INFOPLIST_FILE = TaskDev/Info.plist;
				LD_RUNPATH_SEARCH_PATHS = "$(inherited) @executable_path/Frameworks";
				PRODUCT_BUNDLE_IDENTIFIER = Hello.TaskDev;
				PRODUCT_NAME = "$(TARGET_NAME)";
				SWIFT_VERSION = 4.0;
				TARGETED_DEVICE_FAMILY = "1,2";
			};
			name = Release;
		};
		04F2F27B1FB6C00400F95262 /* Debug */ = {
			isa = XCBuildConfiguration;
			buildSettings = {
				ALWAYS_EMBED_SWIFT_STANDARD_LIBRARIES = YES;
				BUNDLE_LOADER = "$(TEST_HOST)";
				CODE_SIGN_STYLE = Automatic;
				INFOPLIST_FILE = TaskDevTests/Info.plist;
				LD_RUNPATH_SEARCH_PATHS = "$(inherited) @executable_path/Frameworks @loader_path/Frameworks";
				PRODUCT_BUNDLE_IDENTIFIER = Hello.TaskDevTests;
				PRODUCT_NAME = "$(TARGET_NAME)";
				SWIFT_VERSION = 4.0;
				TARGETED_DEVICE_FAMILY = "1,2";
				TEST_HOST = "$(BUILT_PRODUCTS_DIR)/TaskDev.app/TaskDev";
			};
			name = Debug;
		};
		04F2F27C1FB6C00400F95262 /* Release */ = {
			isa = XCBuildConfiguration;
			buildSettings = {
				ALWAYS_EMBED_SWIFT_STANDARD_LIBRARIES = YES;
				BUNDLE_LOADER = "$(TEST_HOST)";
				CODE_SIGN_STYLE = Automatic;
				INFOPLIST_FILE = TaskDevTests/Info.plist;
				LD_RUNPATH_SEARCH_PATHS = "$(inherited) @executable_path/Frameworks @loader_path/Frameworks";
				PRODUCT_BUNDLE_IDENTIFIER = Hello.TaskDevTests;
				PRODUCT_NAME = "$(TARGET_NAME)";
				SWIFT_VERSION = 4.0;
				TARGETED_DEVICE_FAMILY = "1,2";
				TEST_HOST = "$(BUILT_PRODUCTS_DIR)/TaskDev.app/TaskDev";
			};
			name = Release;
		};
		04F2F27E1FB6C00400F95262 /* Debug */ = {
			isa = XCBuildConfiguration;
			buildSettings = {
				ALWAYS_EMBED_SWIFT_STANDARD_LIBRARIES = YES;
				CODE_SIGN_STYLE = Automatic;
				INFOPLIST_FILE = TaskDevUITests/Info.plist;
				LD_RUNPATH_SEARCH_PATHS = "$(inherited) @executable_path/Frameworks @loader_path/Frameworks";
				PRODUCT_BUNDLE_IDENTIFIER = Hello.TaskDevUITests;
				PRODUCT_NAME = "$(TARGET_NAME)";
				SWIFT_VERSION = 4.0;
				TARGETED_DEVICE_FAMILY = "1,2";
				TEST_TARGET_NAME = TaskDev;
			};
			name = Debug;
		};
		04F2F27F1FB6C00400F95262 /* Release */ = {
			isa = XCBuildConfiguration;
			buildSettings = {
				ALWAYS_EMBED_SWIFT_STANDARD_LIBRARIES = YES;
				CODE_SIGN_STYLE = Automatic;
				INFOPLIST_FILE = TaskDevUITests/Info.plist;
				LD_RUNPATH_SEARCH_PATHS = "$(inherited) @executable_path/Frameworks @loader_path/Frameworks";
				PRODUCT_BUNDLE_IDENTIFIER = Hello.TaskDevUITests;
				PRODUCT_NAME = "$(TARGET_NAME)";
				SWIFT_VERSION = 4.0;
				TARGETED_DEVICE_FAMILY = "1,2";
				TEST_TARGET_NAME = TaskDev;
			};
			name = Release;
		};
/* End XCBuildConfiguration section */

/* Begin XCConfigurationList section */
		04F2F24A1FB6C00400F95262 /* Build configuration list for PBXProject "TaskDev" */ = {
			isa = XCConfigurationList;
			buildConfigurations = (
				04F2F2751FB6C00400F95262 /* Debug */,
				04F2F2761FB6C00400F95262 /* Release */,
			);
			defaultConfigurationIsVisible = 0;
			defaultConfigurationName = Release;
		};
		04F2F2771FB6C00400F95262 /* Build configuration list for PBXNativeTarget "TaskDev" */ = {
			isa = XCConfigurationList;
			buildConfigurations = (
				04F2F2781FB6C00400F95262 /* Debug */,
				04F2F2791FB6C00400F95262 /* Release */,
			);
			defaultConfigurationIsVisible = 0;
			defaultConfigurationName = Release;
		};
		04F2F27A1FB6C00400F95262 /* Build configuration list for PBXNativeTarget "TaskDevTests" */ = {
			isa = XCConfigurationList;
			buildConfigurations = (
				04F2F27B1FB6C00400F95262 /* Debug */,
				04F2F27C1FB6C00400F95262 /* Release */,
			);
			defaultConfigurationIsVisible = 0;
			defaultConfigurationName = Release;
		};
		04F2F27D1FB6C00400F95262 /* Build configuration list for PBXNativeTarget "TaskDevUITests" */ = {
			isa = XCConfigurationList;
			buildConfigurations = (
				04F2F27E1FB6C00400F95262 /* Debug */,
				04F2F27F1FB6C00400F95262 /* Release */,
			);
			defaultConfigurationIsVisible = 0;
			defaultConfigurationName = Release;
		};
/* End XCConfigurationList section */
	};
	rootObject = 04F2F2471FB6C00400F95262 /* Project object */;
}
